{
  "name": "ngx-text-suggester",
  "version": "0.0.1",
  "lockfileVersion": 1,
  "requires": true,
  "dependencies": {
    "ngx-highlight-js": {
      "version": "2.1.1",
      "resolved": "https://registry.npmjs.org/ngx-highlight-js/-/ngx-highlight-js-2.1.1.tgz",
      "integrity": "sha512-nnImoh87HC4sf4ga614PMNm0Ca/TkjR2DDuzlPvBq7W9+8FUjBsYYw/06xLCHkyeo6pJgroWjvUP9lR/I979Ng==",
      "requires": {
        "tslib": "^1.9.0"
      }
    },
    "textarea-caret": {
      "version": "3.1.0",
      "resolved": "https://registry.npmjs.org/textarea-caret/-/textarea-caret-3.1.0.tgz",
      "integrity": "sha512-cXAvzO9pP5CGa6NKx0WYHl+8CHKZs8byMkt3PCJBCmq2a34YA9pO1NrQET5pzeqnBjBdToF5No4rrmkDUgQC2Q=="
    },
    "tslib": {
      "version": "1.10.0",
      "resolved": "https://registry.npmjs.org/tslib/-/tslib-1.10.0.tgz",
      "integrity": "sha512-qOebF53frne81cf0S9B41ByenJ3/IuH8yJKngAX35CmiZySA0khhkovshKK+jGCaMnVomla7gVlIcc3EvKPbTQ=="
    }
  }
}
